
Microsoft Visual Studio Solution File, Format Version 12.00
# Visual Studio Version 17
VisualStudioVersion = 17.3.32811.315
MinimumVisualStudioVersion = 10.0.40219.1
Project("{FAE04EC0-301F-11D3-BF4B-00C04F79EFBC}") = "Uppgift 2.14", "Uppgift 2.14\Uppgift 2.14.csproj", "{4DEBC500-B3DF-4614-B5FD-237AAA86DE46}"
EndProject
Global
	GlobalSection(SolutionConfigurationPlatforms) = preSolution
		Debug|Any CPU = Debug|Any CPU
		Release|Any CPU = Release|Any CPU
	EndGlobalSection
	GlobalSection(ProjectConfigurationPlatforms) = postSolution
		{4DEBC500-B3DF-4614-B5FD-237AAA86DE46}.Debug|Any CPU.ActiveCfg = Debug|Any CPU
		{4DEBC500-B3DF-4614-B5FD-237AAA86DE46}.Debug|Any CPU.Build.0 = Debug|Any CPU
		{4DEBC500-B3DF-4614-B5FD-237AAA86DE46}.Release|Any CPU.ActiveCfg = Release|Any CPU
		{4DEBC500-B3DF-4614-B5FD-237AAA86DE46}.Release|Any CPU.Build.0 = Release|Any CPU
	EndGlobalSection
	GlobalSection(SolutionProperties) = preSolution
		HideSolutionNode = FALSE
	EndGlobalSection
	GlobalSection(ExtensibilityGlobals) = postSolution
		SolutionGuid = {7A900091-3E62-43B9-9D06-9D7D89F171F5}
	EndGlobalSection
EndGlobal
